
Microsoft Visual Studio Solution File, Format Version 12.00
# Visual Studio Version 17
VisualStudioVersion = 17.9.34728.123
MinimumVisualStudioVersion = 10.0.40219.1
Project("{2150E333-8FDC-42A3-9474-1A3956D46DE8}") = "Services", "Services", "{746F3649-3764-45D4-8B3A-A6A97749D6B1}"
EndProject
Project("{9A19103F-16F7-4668-BE54-9A1E7A4F7556}") = "LojaVirtual.Clientes", "Services\LojaVirtual.Clientes\LojaVirtual.Clientes.csproj", "{3B6795F2-3DEF-464E-A1AB-7654D93AFF04}"
EndProject
Project("{9A19103F-16F7-4668-BE54-9A1E7A4F7556}") = "LojaVirtual.Catalogo", "Services\LojaVirtual.Catalogo\LojaVirtual.Catalogo.csproj", "{EDD25A99-57DF-4F51-9ADA-9A7575B48F59}"
EndProject
Project("{9A19103F-16F7-4668-BE54-9A1E7A4F7556}") = "LojaVirtual.Colaboradores", "Services\LojaVirtual.Colaboradores\LojaVirtual.Colaboradores.csproj", "{2AF67151-4CE1-40E2-81DF-A7682513B8A3}"
EndProject
Project("{9A19103F-16F7-4668-BE54-9A1E7A4F7556}") = "LojaVirtual.Pedidos", "Services\LojaVirtual.Pedidos\LojaVirtual.Pedidos.csproj", "{B1DB5551-118D-4764-99F2-07CA44461116}"
EndProject
Project("{9A19103F-16F7-4668-BE54-9A1E7A4F7556}") = "LojaVirtual.Pagamentos", "Services\LojaVirtual.Pagamentos\LojaVirtual.Pagamentos.csproj", "{18480529-288F-4018-9678-9261124C7995}"
EndProject
Project("{E53339B2-1760-4266-BCC7-CA923CBCF16C}") = "docker-compose", "docker-compose.dcproj", "{2192ACC9-D818-437C-994A-E10DE6F488FC}"
EndProject
Project("{2150E333-8FDC-42A3-9474-1A3956D46DE8}") = "Tools", "Tools", "{7DE53C94-6C8C-49BC-B387-8F6A38E40150}"
EndProject
Project("{2150E333-8FDC-42A3-9474-1A3956D46DE8}") = "SqlServer", "SqlServer", "{F7B17C1B-D2A9-42F3-B838-DF38EE70852F}"
	ProjectSection(SolutionItems) = preProject
		Tools\SqlServer\Dockerfile = Tools\SqlServer\Dockerfile
		Tools\SqlServer\setup.sql = Tools\SqlServer\setup.sql
	EndProjectSection
EndProject
Project("{2150E333-8FDC-42A3-9474-1A3956D46DE8}") = "RabbitMQ", "RabbitMQ", "{0FBF086C-9566-42D4-93F1-11ED3D305FB6}"
	ProjectSection(SolutionItems) = preProject
		Tools\RabbitMQ\Dockerfile = Tools\RabbitMQ\Dockerfile
	EndProjectSection
EndProject
Project("{2150E333-8FDC-42A3-9474-1A3956D46DE8}") = "Redis", "Redis", "{00F3A910-B97F-4AFC-A86E-1023E2B13BED}"
	ProjectSection(SolutionItems) = preProject
		Tools\Redis\Dockerfile = Tools\Redis\Dockerfile
	EndProjectSection
EndProject
Project("{2150E333-8FDC-42A3-9474-1A3956D46DE8}") = "Web", "Web", "{362E096D-6F2D-4D20-86A3-C24F0B838D07}"
EndProject
Project("{9A19103F-16F7-4668-BE54-9A1E7A4F7556}") = "LojaVirtual.Site", "Web\LojaVirtual.Site\LojaVirtual.Site.csproj", "{A6E1A4C2-4132-4442-BF7F-30F926A414FD}"
EndProject
Global
	GlobalSection(SolutionConfigurationPlatforms) = preSolution
		Debug|Any CPU = Debug|Any CPU
		Release|Any CPU = Release|Any CPU
	EndGlobalSection
	GlobalSection(ProjectConfigurationPlatforms) = postSolution
		{3B6795F2-3DEF-464E-A1AB-7654D93AFF04}.Debug|Any CPU.ActiveCfg = Debug|Any CPU
		{3B6795F2-3DEF-464E-A1AB-7654D93AFF04}.Debug|Any CPU.Build.0 = Debug|Any CPU
		{3B6795F2-3DEF-464E-A1AB-7654D93AFF04}.Release|Any CPU.ActiveCfg = Release|Any CPU
		{3B6795F2-3DEF-464E-A1AB-7654D93AFF04}.Release|Any CPU.Build.0 = Release|Any CPU
		{EDD25A99-57DF-4F51-9ADA-9A7575B48F59}.Debug|Any CPU.ActiveCfg = Debug|Any CPU
		{EDD25A99-57DF-4F51-9ADA-9A7575B48F59}.Debug|Any CPU.Build.0 = Debug|Any CPU
		{EDD25A99-57DF-4F51-9ADA-9A7575B48F59}.Release|Any CPU.ActiveCfg = Release|Any CPU
		{EDD25A99-57DF-4F51-9ADA-9A7575B48F59}.Release|Any CPU.Build.0 = Release|Any CPU
		{2AF67151-4CE1-40E2-81DF-A7682513B8A3}.Debug|Any CPU.ActiveCfg = Debug|Any CPU
		{2AF67151-4CE1-40E2-81DF-A7682513B8A3}.Debug|Any CPU.Build.0 = Debug|Any CPU
		{2AF67151-4CE1-40E2-81DF-A7682513B8A3}.Release|Any CPU.ActiveCfg = Release|Any CPU
		{2AF67151-4CE1-40E2-81DF-A7682513B8A3}.Release|Any CPU.Build.0 = Release|Any CPU
		{B1DB5551-118D-4764-99F2-07CA44461116}.Debug|Any CPU.ActiveCfg = Debug|Any CPU
		{B1DB5551-118D-4764-99F2-07CA44461116}.Debug|Any CPU.Build.0 = Debug|Any CPU
		{B1DB5551-118D-4764-99F2-07CA44461116}.Release|Any CPU.ActiveCfg = Release|Any CPU
		{B1DB5551-118D-4764-99F2-07CA44461116}.Release|Any CPU.Build.0 = Release|Any CPU
		{18480529-288F-4018-9678-9261124C7995}.Debug|Any CPU.ActiveCfg = Debug|Any CPU
		{18480529-288F-4018-9678-9261124C7995}.Debug|Any CPU.Build.0 = Debug|Any CPU
		{18480529-288F-4018-9678-9261124C7995}.Release|Any CPU.ActiveCfg = Release|Any CPU
		{18480529-288F-4018-9678-9261124C7995}.Release|Any CPU.Build.0 = Release|Any CPU
		{2192ACC9-D818-437C-994A-E10DE6F488FC}.Debug|Any CPU.ActiveCfg = Debug|Any CPU
		{2192ACC9-D818-437C-994A-E10DE6F488FC}.Debug|Any CPU.Build.0 = Debug|Any CPU
		{2192ACC9-D818-437C-994A-E10DE6F488FC}.Release|Any CPU.ActiveCfg = Release|Any CPU
		{2192ACC9-D818-437C-994A-E10DE6F488FC}.Release|Any CPU.Build.0 = Release|Any CPU
		{A6E1A4C2-4132-4442-BF7F-30F926A414FD}.Debug|Any CPU.ActiveCfg = Debug|Any CPU
		{A6E1A4C2-4132-4442-BF7F-30F926A414FD}.Debug|Any CPU.Build.0 = Debug|Any CPU
		{A6E1A4C2-4132-4442-BF7F-30F926A414FD}.Release|Any CPU.ActiveCfg = Release|Any CPU
		{A6E1A4C2-4132-4442-BF7F-30F926A414FD}.Release|Any CPU.Build.0 = Release|Any CPU
	EndGlobalSection
	GlobalSection(SolutionProperties) = preSolution
		HideSolutionNode = FALSE
	EndGlobalSection
	GlobalSection(NestedProjects) = preSolution
		{3B6795F2-3DEF-464E-A1AB-7654D93AFF04} = {746F3649-3764-45D4-8B3A-A6A97749D6B1}
		{EDD25A99-57DF-4F51-9ADA-9A7575B48F59} = {746F3649-3764-45D4-8B3A-A6A97749D6B1}
		{2AF67151-4CE1-40E2-81DF-A7682513B8A3} = {746F3649-3764-45D4-8B3A-A6A97749D6B1}
		{B1DB5551-118D-4764-99F2-07CA44461116} = {746F3649-3764-45D4-8B3A-A6A97749D6B1}
		{18480529-288F-4018-9678-9261124C7995} = {746F3649-3764-45D4-8B3A-A6A97749D6B1}
		{F7B17C1B-D2A9-42F3-B838-DF38EE70852F} = {7DE53C94-6C8C-49BC-B387-8F6A38E40150}
		{0FBF086C-9566-42D4-93F1-11ED3D305FB6} = {7DE53C94-6C8C-49BC-B387-8F6A38E40150}
		{00F3A910-B97F-4AFC-A86E-1023E2B13BED} = {7DE53C94-6C8C-49BC-B387-8F6A38E40150}
		{A6E1A4C2-4132-4442-BF7F-30F926A414FD} = {362E096D-6F2D-4D20-86A3-C24F0B838D07}
	EndGlobalSection
	GlobalSection(ExtensibilityGlobals) = postSolution
		SolutionGuid = {4B7376B8-12EA-47AC-A406-349837E5FBBA}
	EndGlobalSection
EndGlobal
